// !$*UTF8*$!
{
	archiveVersion = 1;
	classes = {
	};
	objectVersion = 46;
	objects = {

/* Begin PBXBuildFile section */
		0C2FB8601C8CC5DA00573BBD /* AppDelegate.swift in Sources */ = {isa = PBXBuildFile; fileRef = 0C2FB85F1C8CC5DA00573BBD /* AppDelegate.swift */; };
		0C2FB8621C8CC5DA00573BBD /* ViewController.swift in Sources */ = {isa = PBXBuildFile; fileRef = 0C2FB8611C8CC5DA00573BBD /* ViewController.swift */; };
		0C2FB8651C8CC5DA00573BBD /* Main.storyboard in Resources */ = {isa = PBXBuildFile; fileRef = 0C2FB8631C8CC5DA00573BBD /* Main.storyboard */; };
		0C2FB8671C8CC5DA00573BBD /* Assets.xcassets in Resources */ = {isa = PBXBuildFile; fileRef = 0C2FB8661C8CC5DA00573BBD /* Assets.xcassets */; };
		0C2FB86A1C8CC5DA00573BBD /* LaunchScreen.storyboard in Resources */ = {isa = PBXBuildFile; fileRef = 0C2FB8681C8CC5DA00573BBD /* LaunchScreen.storyboard */; };
		0C2FB8751C8CC5DA00573BBD /* CalculatorTests.swift in Sources */ = {isa = PBXBuildFile; fileRef = 0C2FB8741C8CC5DA00573BBD /* CalculatorTests.swift */; };
		0C2FB8801C8CC5DA00573BBD /* CalculatorUITests.swift in Sources */ = {isa = PBXBuildFile; fileRef = 0C2FB87F1C8CC5DA00573BBD /* CalculatorUITests.swift */; };
/* End PBXBuildFile section */

/* Begin PBXContainerItemProxy section */
		0C2FB8711C8CC5DA00573BBD /* PBXContainerItemProxy */ = {
			isa = PBXContainerItemProxy;
			containerPortal = 0C2FB8541C8CC5DA00573BBD /* Project object */;
			proxyType = 1;
			remoteGlobalIDString = 0C2FB85B1C8CC5DA00573BBD;
			remoteInfo = Calculator;
		};
		0C2FB87C1C8CC5DA00573BBD /* PBXContainerItemProxy */ = {
			isa = PBXContainerItemProxy;
			containerPortal = 0C2FB8541C8CC5DA00573BBD /* Project object */;
			proxyType = 1;
			remoteGlobalIDString = 0C2FB85B1C8CC5DA00573BBD;
			remoteInfo = Calculator;
		};
/* End PBXContainerItemProxy section */

/* Begin PBXFileReference section */
		0C2FB85C1C8CC5DA00573BBD /* Calculator.app */ = {isa = PBXFileReference; explicitFileType = wrapper.application; includeInIndex = 0; path = Calculator.app; sourceTree = BUILT_PRODUCTS_DIR; };
		0C2FB85F1C8CC5DA00573BBD /* AppDelegate.swift */ = {isa = PBXFileReference; lastKnownFileType = sourcecode.swift; path = AppDelegate.swift; sourceTree = "<group>"; };
		0C2FB8611C8CC5DA00573BBD /* ViewController.swift */ = {isa = PBXFileReference; lastKnownFileType = sourcecode.swift; path = ViewController.swift; sourceTree = "<group>"; };
		0C2FB8641C8CC5DA00573BBD /* Base */ = {isa = PBXFileReference; lastKnownFileType = file.storyboard; name = Base; path = Base.lproj/Main.storyboard; sourceTree = "<group>"; };
		0C2FB8661C8CC5DA00573BBD /* Assets.xcassets */ = {isa = PBXFileReference; lastKnownFileType = folder.assetcatalog; path = Assets.xcassets; sourceTree = "<group>"; };
		0C2FB8691C8CC5DA00573BBD /* Base */ = {isa = PBXFileReference; lastKnownFileType = file.storyboard; name = Base; path = Base.lproj/LaunchScreen.storyboard; sourceTree = "<group>"; };
		0C2FB86B1C8CC5DA00573BBD /* Info.plist */ = {isa = PBXFileReference; lastKnownFileType = text.plist.xml; path = Info.plist; sourceTree = "<group>"; };
		0C2FB8701C8CC5DA00573BBD /* CalculatorTests.xctest */ = {isa = PBXFileReference; explicitFileType = wrapper.cfbundle; includeInIndex = 0; path = CalculatorTests.xctest; sourceTree = BUILT_PRODUCTS_DIR; };
		0C2FB8741C8CC5DA00573BBD /* CalculatorTests.swift */ = {isa = PBXFileReference; lastKnownFileType = sourcecode.swift; path = CalculatorTests.swift; sourceTree = "<group>"; };
		0C2FB8761C8CC5DA00573BBD /* Info.plist */ = {isa = PBXFileReference; lastKnownFileType = text.plist.xml; path = Info.plist; sourceTree = "<group>"; };
		0C2FB87B1C8CC5DA00573BBD /* CalculatorUITests.xctest */ = {isa = PBXFileReference; explicitFileType = wrapper.cfbundle; includeInIndex = 0; path = CalculatorUITests.xctest; sourceTree = BUILT_PRODUCTS_DIR; };
		0C2FB87F1C8CC5DA00573BBD /* CalculatorUITests.swift */ = {isa = PBXFileReference; lastKnownFileType = sourcecode.swift; path = CalculatorUITests.swift; sourceTree = "<group>"; };
		0C2FB8811C8CC5DA00573BBD /* Info.plist */ = {isa = PBXFileReference; lastKnownFileType = text.plist.xml; path = Info.plist; sourceTree = "<group>"; };
/* End PBXFileReference section */

/* Begin PBXFrameworksBuildPhase section */
		0C2FB8591C8CC5DA00573BBD /* Frameworks */ = {
			isa = PBXFrameworksBuildPhase;
			buildActionMask = 2147483647;
			files = (
			);
			runOnlyForDeploymentPostprocessing = 0;
		};
		0C2FB86D1C8CC5DA00573BBD /* Frameworks */ = {
			isa = PBXFrameworksBuildPhase;
			buildActionMask = 2147483647;
			files = (
			);
			runOnlyForDeploymentPostprocessing = 0;
		};
		0C2FB8781C8CC5DA00573BBD /* Frameworks */ = {
			isa = PBXFrameworksBuildPhase;
			buildActionMask = 2147483647;
			files = (
			);
			runOnlyForDeploymentPostprocessing = 0;
		};
/* End PBXFrameworksBuildPhase section */

/* Begin PBXGroup section */
		0C2FB8531C8CC5DA00573BBD = {
			isa = PBXGroup;
			children = (
				0C2FB85E1C8CC5DA00573BBD /* Calculator */,
				0C2FB8731C8CC5DA00573BBD /* CalculatorTests */,
				0C2FB87E1C8CC5DA00573BBD /* CalculatorUITests */,
				0C2FB85D1C8CC5DA00573BBD /* Products */,
			);
			sourceTree = "<group>";
		};
		0C2FB85D1C8CC5DA00573BBD /* Products */ = {
			isa = PBXGroup;
			children = (
				0C2FB85C1C8CC5DA00573BBD /* Calculator.app */,
				0C2FB8701C8CC5DA00573BBD /* CalculatorTests.xctest */,
				0C2FB87B1C8CC5DA00573BBD /* CalculatorUITests.xctest */,
			);
			name = Products;
			sourceTree = "<group>";
		};
		0C2FB85E1C8CC5DA00573BBD /* Calculator */ = {
			isa = PBXGroup;
			children = (
				0C2FB85F1C8CC5DA00573BBD /* AppDelegate.swift */,
				0C2FB8611C8CC5DA00573BBD /* ViewController.swift */,
				0C2FB8631C8CC5DA00573BBD /* Main.storyboard */,
				0C2FB8661C8CC5DA00573BBD /* Assets.xcassets */,
				0C2FB8681C8CC5DA00573BBD /* LaunchScreen.storyboard */,
				0C2FB86B1C8CC5DA00573BBD /* Info.plist */,
			);
			path = Calculator;
			sourceTree = "<group>";
		};
		0C2FB8731C8CC5DA00573BBD /* CalculatorTests */ = {
			isa = PBXGroup;
			children = (
				0C2FB8741C8CC5DA00573BBD /* CalculatorTests.swift */,
				0C2FB8761C8CC5DA00573BBD /* Info.plist */,
			);
			path = CalculatorTests;
			sourceTree = "<group>";
		};
		0C2FB87E1C8CC5DA00573BBD /* CalculatorUITests */ = {
			isa = PBXGroup;
			children = (
				0C2FB87F1C8CC5DA00573BBD /* CalculatorUITests.swift */,
				0C2FB8811C8CC5DA00573BBD /* Info.plist */,
			);
			path = CalculatorUITests;
			sourceTree = "<group>";
		};
/* End PBXGroup section */

/* Begin PBXNativeTarget section */
		0C2FB85B1C8CC5DA00573BBD /* Calculator */ = {
			isa = PBXNativeTarget;
			buildConfigurationList = 0C2FB8841C8CC5DA00573BBD /* Build configuration list for PBXNativeTarget "Calculator" */;
			buildPhases = (
				0C2FB8581C8CC5DA00573BBD /* Sources */,
				0C2FB8591C8CC5DA00573BBD /* Frameworks */,
				0C2FB85A1C8CC5DA00573BBD /* Resources */,
			);
			buildRules = (
			);
			dependencies = (
			);
			name = Calculator;
			productName = Calculator;
			productReference = 0C2FB85C1C8CC5DA00573BBD /* Calculator.app */;
			productType = "com.apple.product-type.application";
		};
		0C2FB86F1C8CC5DA00573BBD /* CalculatorTests */ = {
			isa = PBXNativeTarget;
			buildConfigurationList = 0C2FB8871C8CC5DA00573BBD /* Build configuration list for PBXNativeTarget "CalculatorTests" */;
			buildPhases = (
				0C2FB86C1C8CC5DA00573BBD /* Sources */,
				0C2FB86D1C8CC5DA00573BBD /* Frameworks */,
				0C2FB86E1C8CC5DA00573BBD /* Resources */,
			);
			buildRules = (
			);
			dependencies = (
				0C2FB8721C8CC5DA00573BBD /* PBXTargetDependency */,
			);
			name = CalculatorTests;
			productName = CalculatorTests;
			productReference = 0C2FB8701C8CC5DA00573BBD /* CalculatorTests.xctest */;
			productType = "com.apple.product-type.bundle.unit-test";
		};
		0C2FB87A1C8CC5DA00573BBD /* CalculatorUITests */ = {
			isa = PBXNativeTarget;
			buildConfigurationList = 0C2FB88A1C8CC5DA00573BBD /* Build configuration list for PBXNativeTarget "CalculatorUITests" */;
			buildPhases = (
				0C2FB8771C8CC5DA00573BBD /* Sources */,
				0C2FB8781C8CC5DA00573BBD /* Frameworks */,
				0C2FB8791C8CC5DA00573BBD /* Resources */,
			);
			buildRules = (
			);
			dependencies = (
				0C2FB87D1C8CC5DA00573BBD /* PBXTargetDependency */,
			);
			name = CalculatorUITests;
			productName = CalculatorUITests;
			productReference = 0C2FB87B1C8CC5DA00573BBD /* CalculatorUITests.xctest */;
			productType = "com.apple.product-type.bundle.ui-testing";
		};
/* End PBXNativeTarget section */

/* Begin PBXProject section */
		0C2FB8541C8CC5DA00573BBD /* Project object */ = {
			isa = PBXProject;
			attributes = {
				LastSwiftUpdateCheck = 0720;
				LastUpgradeCheck = 0720;
				ORGANIZATIONNAME = "Andi Maroge";
				TargetAttributes = {
					0C2FB85B1C8CC5DA00573BBD = {
						CreatedOnToolsVersion = 7.2.1;
					};
					0C2FB86F1C8CC5DA00573BBD = {
						CreatedOnToolsVersion = 7.2.1;
						TestTargetID = 0C2FB85B1C8CC5DA00573BBD;
					};
					0C2FB87A1C8CC5DA00573BBD = {
						CreatedOnToolsVersion = 7.2.1;
						TestTargetID = 0C2FB85B1C8CC5DA00573BBD;
					};
				};
			};
			buildConfigurationList = 0C2FB8571C8CC5DA00573BBD /* Build configuration list for PBXProject "Calculator" */;
			compatibilityVersion = "Xcode 3.2";
			developmentRegion = English;
			hasScannedForEncodings = 0;
			knownRegions = (
				en,
				Base,
			);
			mainGroup = 0C2FB8531C8CC5DA00573BBD;
			productRefGroup = 0C2FB85D1C8CC5DA00573BBD /* Products */;
			projectDirPath = "";
			projectRoot = "";
			targets = (
				0C2FB85B1C8CC5DA00573BBD /* Calculator */,
				0C2FB86F1C8CC5DA00573BBD /* CalculatorTests */,
				0C2FB87A1C8CC5DA00573BBD /* CalculatorUITests */,
			);
		};
/* End PBXProject section */

/* Begin PBXResourcesBuildPhase section */
		0C2FB85A1C8CC5DA00573BBD /* Resources */ = {
			isa = PBXResourcesBuildPhase;
			buildActionMask = 2147483647;
			files = (
				0C2FB86A1C8CC5DA00573BBD /* LaunchScreen.storyboard in Resources */,
				0C2FB8671C8CC5DA00573BBD /* Assets.xcassets in Resources */,
				0C2FB8651C8CC5DA00573BBD /* Main.storyboard in Resources */,
			);
			runOnlyForDeploymentPostprocessing = 0;
		};
		0C2FB86E1C8CC5DA00573BBD /* Resources */ = {
			isa = PBXResourcesBuildPhase;
			buildActionMask = 2147483647;
			files = (
			);
			runOnlyForDeploymentPostprocessing = 0;
		};
		0C2FB8791C8CC5DA00573BBD /* Resources */ = {
			isa = PBXResourcesBuildPhase;
			buildActionMask = 2147483647;
			files = (
			);
			runOnlyForDeploymentPostprocessing = 0;
		};
/* End PBXResourcesBuildPhase section */

/* Begin PBXSourcesBuildPhase section */
		0C2FB8581C8CC5DA00573BBD /* Sources */ = {
			isa = PBXSourcesBuildPhase;
			buildActionMask = 2147483647;
			files = (
				0C2FB8621C8CC5DA00573BBD /* ViewController.swift in Sources */,
				0C2FB8601C8CC5DA00573BBD /* AppDelegate.swift in Sources */,
			);
			runOnlyForDeploymentPostprocessing = 0;
		};
		0C2FB86C1C8CC5DA00573BBD /* Sources */ = {
			isa = PBXSourcesBuildPhase;
			buildActionMask = 2147483647;
			files = (
				0C2FB8751C8CC5DA00573BBD /* CalculatorTests.swift in Sources */,
			);
			runOnlyForDeploymentPostprocessing = 0;
		};
		0C2FB8771C8CC5DA00573BBD /* Sources */ = {
			isa = PBXSourcesBuildPhase;
			buildActionMask = 2147483647;
			files = (
				0C2FB8801C8CC5DA00573BBD /* CalculatorUITests.swift in Sources */,
			);
			runOnlyForDeploymentPostprocessing = 0;
		};
/* End PBXSourcesBuildPhase section */

/* Begin PBXTargetDependency section */
		0C2FB8721C8CC5DA00573BBD /* PBXTargetDependency */ = {
			isa = PBXTargetDependency;
			target = 0C2FB85B1C8CC5DA00573BBD /* Calculator */;
			targetProxy = 0C2FB8711C8CC5DA00573BBD /* PBXContainerItemProxy */;
		};
		0C2FB87D1C8CC5DA00573BBD /* PBXTargetDependency */ = {
			isa = PBXTargetDependency;
			target = 0C2FB85B1C8CC5DA00573BBD /* Calculator */;
			targetProxy = 0C2FB87C1C8CC5DA00573BBD /* PBXContainerItemProxy */;
		};
/* End PBXTargetDependency section */

/* Begin PBXVariantGroup section */
		0C2FB8631C8CC5DA00573BBD /* Main.storyboard */ = {
			isa = PBXVariantGroup;
			children = (
				0C2FB8641C8CC5DA00573BBD /* Base */,
			);
			name = Main.storyboard;
			sourceTree = "<group>";
		};
		0C2FB8681C8CC5DA00573BBD /* LaunchScreen.storyboard */ = {
			isa = PBXVariantGroup;
			children = (
				0C2FB8691C8CC5DA00573BBD /* Base */,
			);
			name = LaunchScreen.storyboard;
			sourceTree = "<group>";
		};
/* End PBXVariantGroup section */

/* Begin XCBuildConfiguration section */
		0C2FB8821C8CC5DA00573BBD /* Debug */ = {
			isa = XCBuildConfiguration;
			buildSettings = {
				ALWAYS_SEARCH_USER_PATHS = NO;
				CLANG_CXX_LANGUAGE_STANDARD = "gnu++0x";
				CLANG_CXX_LIBRARY = "libc++";
				CLANG_ENABLE_MODULES = YES;
				CLANG_ENABLE_OBJC_ARC = YES;
				CLANG_WARN_BOOL_CONVERSION = YES;
				CLANG_WARN_CONSTANT_CONVERSION = YES;
				CLANG_WARN_DIRECT_OBJC_ISA_USAGE = YES_ERROR;
				CLANG_WARN_EMPTY_BODY = YES;
				CLANG_WARN_ENUM_CONVERSION = YES;
				CLANG_WARN_INT_CONVERSION = YES;
				CLANG_WARN_OBJC_ROOT_CLASS = YES_ERROR;
				CLANG_WARN_UNREACHABLE_CODE = YES;
				CLANG_WARN__DUPLICATE_METHOD_MATCH = YES;
				"CODE_SIGN_IDENTITY[sdk=iphoneos*]" = "iPhone Developer";
				COPY_PHASE_STRIP = NO;
				DEBUG_INFORMATION_FORMAT = dwarf;
				ENABLE_STRICT_OBJC_MSGSEND = YES;
				ENABLE_TESTABILITY = YES;
				GCC_C_LANGUAGE_STANDARD = gnu99;
				GCC_DYNAMIC_NO_PIC = NO;
				GCC_NO_COMMON_BLOCKS = YES;
				GCC_OPTIMIZATION_LEVEL = 0;
				GCC_PREPROCESSOR_DEFINITIONS = (
					"DEBUG=1",
					"$(inherited)",
				);
				GCC_WARN_64_TO_32_BIT_CONVERSION = YES;
				GCC_WARN_ABOUT_RETURN_TYPE = YES_ERROR;
				GCC_WARN_UNDECLARED_SELECTOR = YES;
				GCC_WARN_UNINITIALIZED_AUTOS = YES_AGGRESSIVE;
				GCC_WARN_UNUSED_FUNCTION = YES;
				GCC_WARN_UNUSED_VARIABLE = YES;
				IPHONEOS_DEPLOYMENT_TARGET = 9.2;
				MTL_ENABLE_DEBUG_INFO = YES;
				ONLY_ACTIVE_ARCH = YES;
				SDKROOT = iphoneos;
				SWIFT_OPTIMIZATION_LEVEL = "-Onone";
				TARGETED_DEVICE_FAMILY = "1,2";
			};
			name = Debug;
		};
		0C2FB8831C8CC5DA00573BBD /* Release */ = {
			isa = XCBuildConfiguration;
			buildSettings = {
				ALWAYS_SEARCH_USER_PATHS = NO;
				CLANG_CXX_LANGUAGE_STANDARD = "gnu++0x";
				CLANG_CXX_LIBRARY = "libc++";
				CLANG_ENABLE_MODULES = YES;
				CLANG_ENABLE_OBJC_ARC = YES;
				CLANG_WARN_BOOL_CONVERSION = YES;
				CLANG_WARN_CONSTANT_CONVERSION = YES;
				CLANG_WARN_DIRECT_OBJC_ISA_USAGE = YES_ERROR;
				CLANG_WARN_EMPTY_BODY = YES;
				CLANG_WARN_ENUM_CONVERSION = YES;
				CLANG_WARN_INT_CONVERSION = YES;
				CLANG_WARN_OBJC_ROOT_CLASS = YES_ERROR;
				CLANG_WARN_UNREACHABLE_CODE = YES;
				CLANG_WARN__DUPLICATE_METHOD_MATCH = YES;
				"CODE_SIGN_IDENTITY[sdk=iphoneos*]" = "iPhone Developer";
				COPY_PHASE_STRIP = NO;
				DEBUG_INFORMATION_FORMAT = "dwarf-with-dsym";
				ENABLE_NS_ASSERTIONS = NO;
				ENABLE_STRICT_OBJC_MSGSEND = YES;
				GCC_C_LANGUAGE_STANDARD = gnu99;
				GCC_NO_COMMON_BLOCKS = YES;
				GCC_WARN_64_TO_32_BIT_CONVERSION = YES;
				GCC_WARN_ABOUT_RETURN_TYPE = YES_ERROR;
				GCC_WARN_UNDECLARED_SELECTOR = YES;
				GCC_WARN_UNINITIALIZED_AUTOS = YES_AGGRESSIVE;
				GCC_WARN_UNUSED_FUNCTION = YES;
				GCC_WARN_UNUSED_VARIABLE = YES;
				IPHONEOS_DEPLOYMENT_TARGET = 9.2;
				MTL_ENABLE_DEBUG_INFO = NO;
				SDKROOT = iphoneos;
				TARGETED_DEVICE_FAMILY = "1,2";
				VALIDATE_PRODUCT = YES;
			};
			name = Release;
		};
		0C2FB8851C8CC5DA00573BBD /* Debug */ = {
			isa = XCBuildConfiguration;
			buildSettings = {
				ASSETCATALOG_COMPILER_APPICON_NAME = AppIcon;
				INFOPLIST_FILE = Calculator/Info.plist;
				LD_RUNPATH_SEARCH_PATHS = "$(inherited) @executable_path/Frameworks";
				PRODUCT_BUNDLE_IDENTIFIER = com.company.Calculator;
				PRODUCT_NAME = "$(TARGET_NAME)";
			};
			name = Debug;
		};
		0C2FB8861C8CC5DA00573BBD /* Release */ = {
			isa = XCBuildConfiguration;
			buildSettings = {
				ASSETCATALOG_COMPILER_APPICON_NAME = AppIcon;
				INFOPLIST_FILE = Calculator/Info.plist;
				LD_RUNPATH_SEARCH_PATHS = "$(inherited) @executable_path/Frameworks";
				PRODUCT_BUNDLE_IDENTIFIER = com.company.Calculator;
				PRODUCT_NAME = "$(TARGET_NAME)";
			};
			name = Release;
		};
		0C2FB8881C8CC5DA00573BBD /* Debug */ = {
			isa = XCBuildConfiguration;
			buildSettings = {
				BUNDLE_LOADER = "$(TEST_HOST)";
				INFOPLIST_FILE = CalculatorTests/Info.plist;
				LD_RUNPATH_SEARCH_PATHS = "$(inherited) @executable_path/Frameworks @loader_path/Frameworks";
				PRODUCT_BUNDLE_IDENTIFIER = com.company.CalculatorTests;
				PRODUCT_NAME = "$(TARGET_NAME)";
				TEST_HOST = "$(BUILT_PRODUCTS_DIR)/Calculator.app/Calculator";
			};
			name = Debug;
		};
		0C2FB8891C8CC5DA00573BBD /* Release */ = {
			isa = XCBuildConfiguration;
			buildSettings = {
				BUNDLE_LOADER = "$(TEST_HOST)";
				INFOPLIST_FILE = CalculatorTests/Info.plist;
				LD_RUNPATH_SEARCH_PATHS = "$(inherited) @executable_path/Frameworks @loader_path/Frameworks";
				PRODUCT_BUNDLE_IDENTIFIER = com.company.CalculatorTests;
				PRODUCT_NAME = "$(TARGET_NAME)";
				TEST_HOST = "$(BUILT_PRODUCTS_DIR)/Calculator.app/Calculator";
			};
			name = Release;
		};
		0C2FB88B1C8CC5DA00573BBD /* Debug */ = {
			isa = XCBuildConfiguration;
			buildSettings = {
				INFOPLIST_FILE = CalculatorUITests/Info.plist;
				LD_RUNPATH_SEARCH_PATHS = "$(inherited) @executable_path/Frameworks @loader_path/Frameworks";
				PRODUCT_BUNDLE_IDENTIFIER = com.company.CalculatorUITests;
				PRODUCT_NAME = "$(TARGET_NAME)";
				TEST_TARGET_NAME = Calculator;
				USES_XCTRUNNER = YES;
			};
			name = Debug;
		};
		0C2FB88C1C8CC5DA00573BBD /* Release */ = {
			isa = XCBuildConfiguration;
			buildSettings = {
				INFOPLIST_FILE = CalculatorUITests/Info.plist;
				LD_RUNPATH_SEARCH_PATHS = "$(inherited) @executable_path/Frameworks @loader_path/Frameworks";
				PRODUCT_BUNDLE_IDENTIFIER = com.company.CalculatorUITests;
				PRODUCT_NAME = "$(TARGET_NAME)";
				TEST_TARGET_NAME = Calculator;
				USES_XCTRUNNER = YES;
			};
			name = Release;
		};
/* End XCBuildConfiguration section */

/* Begin XCConfigurationList section */
		0C2FB8571C8CC5DA00573BBD /* Build configuration list for PBXProject "Calculator" */ = {
			isa = XCConfigurationList;
			buildConfigurations = (
				0C2FB8821C8CC5DA00573BBD /* Debug */,
				0C2FB8831C8CC5DA00573BBD /* Release */,
			);
			defaultConfigurationIsVisible = 0;
			defaultConfigurationName = Release;
		};
		0C2FB8841C8CC5DA00573BBD /* Build configuration list for PBXNativeTarget "Calculator" */ = {
			isa = XCConfigurationList;
			buildConfigurations = (
				0C2FB8851C8CC5DA00573BBD /* Debug */,
				0C2FB8861C8CC5DA00573BBD /* Release */,
			);
			defaultConfigurationIsVisible = 0;
		};
		0C2FB8871C8CC5DA00573BBD /* Build configuration list for PBXNativeTarget "CalculatorTests" */ = {
			isa = XCConfigurationList;
			buildConfigurations = (
				0C2FB8881C8CC5DA00573BBD /* Debug */,
				0C2FB8891C8CC5DA00573BBD /* Release */,
			);
			defaultConfigurationIsVisible = 0;
		};
		0C2FB88A1C8CC5DA00573BBD /* Build configuration list for PBXNativeTarget "CalculatorUITests" */ = {
			isa = XCConfigurationList;
			buildConfigurations = (
				0C2FB88B1C8CC5DA00573BBD /* Debug */,
				0C2FB88C1C8CC5DA00573BBD /* Release */,
			);
			defaultConfigurationIsVisible = 0;
		};
/* End XCConfigurationList section */
	};
	rootObject = 0C2FB8541C8CC5DA00573BBD /* Project object */;
}
